
Microsoft Visual Studio Solution File, Format Version 12.00
# Visual Studio 15
VisualStudioVersion = 15.0.27703.2026
MinimumVisualStudioVersion = 10.0.40219.1
Project("{FAE04EC0-301F-11D3-BF4B-00C04F79EFBC}") = "Jason.SOA", "Jason.SOA\Jason.SOA.csproj", "{FD3D39A2-552A-47A2-BCA5-2A5DBAC56130}"
EndProject
Project("{FAE04EC0-301F-11D3-BF4B-00C04F79EFBC}") = "Jason.SOA.Web", "Jason.SOA.Web\Jason.SOA.Web.csproj", "{992E999B-8D48-4CE8-8788-F4D21DC6956E}"
EndProject
Global
	GlobalSection(SolutionConfigurationPlatforms) = preSolution
		Debug|Any CPU = Debug|Any CPU
		Release|Any CPU = Release|Any CPU
	EndGlobalSection
	GlobalSection(ProjectConfigurationPlatforms) = postSolution
		{FD3D39A2-552A-47A2-BCA5-2A5DBAC56130}.Debug|Any CPU.ActiveCfg = Debug|Any CPU
		{FD3D39A2-552A-47A2-BCA5-2A5DBAC56130}.Debug|Any CPU.Build.0 = Debug|Any CPU
		{FD3D39A2-552A-47A2-BCA5-2A5DBAC56130}.Release|Any CPU.ActiveCfg = Release|Any CPU
		{FD3D39A2-552A-47A2-BCA5-2A5DBAC56130}.Release|Any CPU.Build.0 = Release|Any CPU
		{992E999B-8D48-4CE8-8788-F4D21DC6956E}.Debug|Any CPU.ActiveCfg = Debug|Any CPU
		{992E999B-8D48-4CE8-8788-F4D21DC6956E}.Debug|Any CPU.Build.0 = Debug|Any CPU
		{992E999B-8D48-4CE8-8788-F4D21DC6956E}.Release|Any CPU.ActiveCfg = Release|Any CPU
		{992E999B-8D48-4CE8-8788-F4D21DC6956E}.Release|Any CPU.Build.0 = Release|Any CPU
	EndGlobalSection
	GlobalSection(SolutionProperties) = preSolution
		HideSolutionNode = FALSE
	EndGlobalSection
	GlobalSection(ExtensibilityGlobals) = postSolution
		SolutionGuid = {559E14DE-B94D-4254-9660-7AD8B543035D}
	EndGlobalSection
EndGlobal
